
Microsoft Visual Studio Solution File, Format Version 12.00
# Visual Studio 15
VisualStudioVersion = 15.0.26730.8
MinimumVisualStudioVersion = 10.0.40219.1
Project("{FAE04EC0-301F-11D3-BF4B-00C04F79EFBC}") = "DetectNETFramework", "detectnetframework\DetectNETFramework.csproj", "{F5EA295A-AEDB-4B4C-B4E2-6C823CC7FE65}"
EndProject
Global
	GlobalSection(SolutionConfigurationPlatforms) = preSolution
		Debug|Any CPU = Debug|Any CPU
		Release|Any CPU = Release|Any CPU
	EndGlobalSection
	GlobalSection(ProjectConfigurationPlatforms) = postSolution
		{F5EA295A-AEDB-4B4C-B4E2-6C823CC7FE65}.Debug|Any CPU.ActiveCfg = Debug|Any CPU
		{F5EA295A-AEDB-4B4C-B4E2-6C823CC7FE65}.Debug|Any CPU.Build.0 = Debug|Any CPU
		{F5EA295A-AEDB-4B4C-B4E2-6C823CC7FE65}.Release|Any CPU.ActiveCfg = Release|Any CPU
		{F5EA295A-AEDB-4B4C-B4E2-6C823CC7FE65}.Release|Any CPU.Build.0 = Release|Any CPU
	EndGlobalSection
	GlobalSection(SolutionProperties) = preSolution
		HideSolutionNode = FALSE
	EndGlobalSection
	GlobalSection(ExtensibilityGlobals) = postSolution
		SolutionGuid = {27E78D42-B35C-4609-9832-7206F7BE1B6D}
	EndGlobalSection
EndGlobal
